// !$*UTF8*$!
{
	archiveVersion = 1;
	classes = {
	};
	objectVersion = 45;
	objects = {

/* Begin PBXBuildFile section */
		224339580A6F05F3000348D4 /* WebKit.framework in Frameworks */ = {isa = PBXBuildFile; fileRef = 224339570A6F05F3000348D4 /* WebKit.framework */; };
		51B7F98F12DA2C91000BA203 /* MacRuby.framework in Frameworks */ = {isa = PBXBuildFile; fileRef = 51B7F98E12DA2C91000BA203 /* MacRuby.framework */; };
		51B7F99212DA3055000BA203 /* WebKitPluginView.rb in Resources */ = {isa = PBXBuildFile; fileRef = 51B7F99112DA3055000BA203 /* WebKitPluginView.rb */; };
		8D1AC96B0486D14A00FE50C9 /* WebKitPluginView.m in Sources */ = {isa = PBXBuildFile; fileRef = 0259C576FE90428111CA0C5A /* WebKitPluginView.m */; settings = {ATTRIBUTES = (); }; };
		8D1AC9700486D14A00FE50C9 /* Cocoa.framework in Frameworks */ = {isa = PBXBuildFile; fileRef = DD92D38A0106425D02CA0E72 /* Cocoa.framework */; };
		8D1AC9800486D23B00FE50C9 /* InfoPlist.strings in Resources */ = {isa = PBXBuildFile; fileRef = 8D1AC97F0486D23B00FE50C9 /* InfoPlist.strings */; };
/* End PBXBuildFile section */

/* Begin PBXContainerItemProxy section */
		51B7FA1712DA5145000BA203 /* PBXContainerItemProxy */ = {
			isa = PBXContainerItemProxy;
			containerPortal = 51B7FA1012DA5145000BA203 /* TestBrowser.xcodeproj */;
			proxyType = 2;
			remoteGlobalIDString = 8D1107320486CEB800E47090 /* TestBrowser.app */;
			remoteInfo = TestBrowser;
		};
/* End PBXContainerItemProxy section */

/* Begin PBXFileReference section */
		0259C576FE90428111CA0C5A /* WebKitPluginView.m */ = {isa = PBXFileReference; fileEncoding = 30; lastKnownFileType = sourcecode.c.objc; path = WebKitPluginView.m; sourceTree = "<group>"; };
		0259C57AFE90428111CA0C5A /* WebKitPluginView.h */ = {isa = PBXFileReference; fileEncoding = 30; lastKnownFileType = sourcecode.c.h; path = WebKitPluginView.h; sourceTree = "<group>"; };
		224339570A6F05F3000348D4 /* WebKit.framework */ = {isa = PBXFileReference; lastKnownFileType = wrapper.framework; name = WebKit.framework; path = /System/Library/Frameworks/WebKit.framework; sourceTree = "<absolute>"; };
		32DBCF980370C29C00C91783 /* WebKitPlugin_Prefix.pch */ = {isa = PBXFileReference; fileEncoding = 4; lastKnownFileType = sourcecode.c.h; path = WebKitPlugin_Prefix.pch; sourceTree = "<group>"; };
		51B7F98E12DA2C91000BA203 /* MacRuby.framework */ = {isa = PBXFileReference; lastKnownFileType = wrapper.framework; name = MacRuby.framework; path = Library/Frameworks/MacRuby.framework; sourceTree = SDKROOT; };
		51B7F99112DA3055000BA203 /* WebKitPluginView.rb */ = {isa = PBXFileReference; fileEncoding = 4; lastKnownFileType = text.script.ruby; path = WebKitPluginView.rb; sourceTree = "<group>"; };
		51B7FA1012DA5145000BA203 /* TestBrowser.xcodeproj */ = {isa = PBXFileReference; lastKnownFileType = "wrapper.pb-project"; name = TestBrowser.xcodeproj; path = TestBrowser/TestBrowser.xcodeproj; sourceTree = "<group>"; };
		51B7FA9512DA567E000BA203 /* TestBrowser-Info.plist */ = {isa = PBXFileReference; lastKnownFileType = text.plist.xml; path = "TestBrowser-Info.plist"; sourceTree = "<group>"; };
		8D1AC9730486D14A00FE50C9 /* Info.plist */ = {isa = PBXFileReference; fileEncoding = 4; lastKnownFileType = text.plist; path = Info.plist; sourceTree = "<group>"; };
		8D1AC9740486D14A00FE50C9 /* WebKitPlugin.webplugin */ = {isa = PBXFileReference; explicitFileType = wrapper.cfbundle; includeInIndex = 0; path = WebKitPlugin.webplugin; sourceTree = BUILT_PRODUCTS_DIR; };
		8D1AC97B0486D23100FE50C9 /* English */ = {isa = PBXFileReference; fileEncoding = 10; lastKnownFileType = text.plist.strings; name = English; path = English.lproj/InfoPlist.strings; sourceTree = "<group>"; };
		DD92D38A0106425D02CA0E72 /* Cocoa.framework */ = {isa = PBXFileReference; lastKnownFileType = wrapper.framework; name = Cocoa.framework; path = /System/Library/Frameworks/Cocoa.framework; sourceTree = "<absolute>"; };
/* End PBXFileReference section */

/* Begin PBXFrameworksBuildPhase section */
		8D1AC96E0486D14A00FE50C9 /* Frameworks */ = {
			isa = PBXFrameworksBuildPhase;
			buildActionMask = 2147483647;
			files = (
				8D1AC9700486D14A00FE50C9 /* Cocoa.framework in Frameworks */,
				224339580A6F05F3000348D4 /* WebKit.framework in Frameworks */,
				51B7F98F12DA2C91000BA203 /* MacRuby.framework in Frameworks */,
			);
			runOnlyForDeploymentPostprocessing = 0;
		};
/* End PBXFrameworksBuildPhase section */

/* Begin PBXGroup section */
		0259C574FE90428111CA0C5A /* WebKitPlugin */ = {
			isa = PBXGroup;
			children = (
				51B7FA1012DA5145000BA203 /* TestBrowser.xcodeproj */,
				32DBCF9E0370C38000C91783 /* Classes */,
				32DBCF9F0370C38200C91783 /* Other Sources */,
				0259C582FE90428111CA0C5A /* Resources */,
				1ED78706FE9D4A0611CA0C5A /* Products */,
				2E58F364FFB232C311CA0CBA /* Frameworks */,
				51B7FA9512DA567E000BA203 /* TestBrowser-Info.plist */,
			);
			name = WebKitPlugin;
			sourceTree = "<group>";
		};
		0259C582FE90428111CA0C5A /* Resources */ = {
			isa = PBXGroup;
			children = (
				8D1AC9730486D14A00FE50C9 /* Info.plist */,
				8D1AC97F0486D23B00FE50C9 /* InfoPlist.strings */,
			);
			name = Resources;
			sourceTree = "<group>";
		};
		1ED78706FE9D4A0611CA0C5A /* Products */ = {
			isa = PBXGroup;
			children = (
				8D1AC9740486D14A00FE50C9 /* WebKitPlugin.webplugin */,
			);
			name = Products;
			sourceTree = "<group>";
		};
		2E58F364FFB232C311CA0CBA /* Frameworks */ = {
			isa = PBXGroup;
			children = (
				DD92D38A0106425D02CA0E72 /* Cocoa.framework */,
				224339570A6F05F3000348D4 /* WebKit.framework */,
				51B7F98E12DA2C91000BA203 /* MacRuby.framework */,
			);
			name = Frameworks;
			sourceTree = "<group>";
		};
		32DBCF9E0370C38000C91783 /* Classes */ = {
			isa = PBXGroup;
			children = (
				0259C57AFE90428111CA0C5A /* WebKitPluginView.h */,
				0259C576FE90428111CA0C5A /* WebKitPluginView.m */,
				51B7F99112DA3055000BA203 /* WebKitPluginView.rb */,
			);
			name = Classes;
			sourceTree = "<group>";
		};
		32DBCF9F0370C38200C91783 /* Other Sources */ = {
			isa = PBXGroup;
			children = (
				32DBCF980370C29C00C91783 /* WebKitPlugin_Prefix.pch */,
			);
			name = "Other Sources";
			sourceTree = "<group>";
		};
		51B7FA1112DA5145000BA203 /* Products */ = {
			isa = PBXGroup;
			children = (
				51B7FA1812DA5145000BA203 /* TestBrowser.app */,
			);
			name = Products;
			sourceTree = "<group>";
		};
/* End PBXGroup section */

/* Begin PBXNativeTarget section */
		8D1AC9600486D14A00FE50C9 /* WebKitPlugin */ = {
			isa = PBXNativeTarget;
			buildConfigurationList = C027D11908A954E7001699E2 /* Build configuration list for PBXNativeTarget "WebKitPlugin" */;
			buildPhases = (
				8D1AC9660486D14A00FE50C9 /* Resources */,
				8D1AC96A0486D14A00FE50C9 /* Sources */,
				8D1AC96E0486D14A00FE50C9 /* Frameworks */,
				51B7F99D12DA3339000BA203 /* ShellScript */,
			);
			buildRules = (
			);
			dependencies = (
			);
			name = WebKitPlugin;
			productInstallPath = "$(HOME)/Developer/Palettes";
			productName = WebKitPlugin;
			productReference = 8D1AC9740486D14A00FE50C9 /* WebKitPlugin.webplugin */;
			productType = "com.apple.product-type.bundle";
		};
/* End PBXNativeTarget section */

/* Begin PBXProject section */
		0259C573FE90428111CA0C5A /* Project object */ = {
			isa = PBXProject;
			buildConfigurationList = C027D11D08A954E7001699E2 /* Build configuration list for PBXProject "WebKitPlugin" */;
			compatibilityVersion = "Xcode 3.1";
			developmentRegion = English;
			hasScannedForEncodings = 1;
			knownRegions = (
				English,
				Japanese,
				French,
				German,
			);
			mainGroup = 0259C574FE90428111CA0C5A /* WebKitPlugin */;
			projectDirPath = "";
			projectReferences = (
				{
					ProductGroup = 51B7FA1112DA5145000BA203 /* Products */;
					ProjectRef = 51B7FA1012DA5145000BA203 /* TestBrowser.xcodeproj */;
				},
			);
			projectRoot = "";
			targets = (
				8D1AC9600486D14A00FE50C9 /* WebKitPlugin */,
			);
		};
/* End PBXProject section */

/* Begin PBXReferenceProxy section */
		51B7FA1812DA5145000BA203 /* TestBrowser.app */ = {
			isa = PBXReferenceProxy;
			fileType = wrapper.application;
			path = TestBrowser.app;
			remoteRef = 51B7FA1712DA5145000BA203 /* PBXContainerItemProxy */;
			sourceTree = BUILT_PRODUCTS_DIR;
		};
/* End PBXReferenceProxy section */

/* Begin PBXResourcesBuildPhase section */
		8D1AC9660486D14A00FE50C9 /* Resources */ = {
			isa = PBXResourcesBuildPhase;
			buildActionMask = 2147483647;
			files = (
				8D1AC9800486D23B00FE50C9 /* InfoPlist.strings in Resources */,
				51B7F99212DA3055000BA203 /* WebKitPluginView.rb in Resources */,
			);
			runOnlyForDeploymentPostprocessing = 0;
		};
/* End PBXResourcesBuildPhase section */

/* Begin PBXShellScriptBuildPhase section */
		51B7F99D12DA3339000BA203 /* ShellScript */ = {
			isa = PBXShellScriptBuildPhase;
			buildActionMask = 2147483647;
			files = (
			);
			inputPaths = (
			);
			outputPaths = (
			);
			runOnlyForDeploymentPostprocessing = 0;
			shellPath = /bin/sh;
			shellScript = "# clean up any previous products/symbolic links in the Internet Plug-Ins folder\nif [ -a \"${USER_LIBRARY_DIR}/Internet Plug-Ins/${FULL_PRODUCT_NAME}\" ]; then\n  rm -Rf \"${USER_LIBRARY_DIR}/Internet Plug-Ins/${FULL_PRODUCT_NAME}\"\nfi\n\n# Depending on the build configuration, either copy or link to the most recent product\nif [ \"${CONFIGURATION}\" == \"Debug\" ]; then\n  # if we're debugging, add a symbolic link to the plug-in\n  ln -sf \"${TARGET_BUILD_DIR}/${FULL_PRODUCT_NAME}\" \\\n    \"${USER_LIBRARY_DIR}/Internet Plug-Ins/${FULL_PRODUCT_NAME}\"\nelif [ \"${CONFIGURATION}\" == \"Release\" ]; then\n  # if we're compiling for release, just copy the plugin to the Internet Plug-ins folder\n  cp -Rfv \"${TARGET_BUILD_DIR}/${FULL_PRODUCT_NAME}\" \\\n    \"${USER_LIBRARY_DIR}/Internet Plug-Ins/${FULL_PRODUCT_NAME}\"\nfi";
		};
/* End PBXShellScriptBuildPhase section */

/* Begin PBXSourcesBuildPhase section */
		8D1AC96A0486D14A00FE50C9 /* Sources */ = {
			isa = PBXSourcesBuildPhase;
			buildActionMask = 2147483647;
			files = (
				8D1AC96B0486D14A00FE50C9 /* WebKitPluginView.m in Sources */,
			);
			runOnlyForDeploymentPostprocessing = 0;
		};
/* End PBXSourcesBuildPhase section */

/* Begin PBXVariantGroup section */
		8D1AC97F0486D23B00FE50C9 /* InfoPlist.strings */ = {
			isa = PBXVariantGroup;
			children = (
				8D1AC97B0486D23100FE50C9 /* English */,
			);
			name = InfoPlist.strings;
			sourceTree = "<group>";
		};
/* End PBXVariantGroup section */

/* Begin XCBuildConfiguration section */
		C027D11A08A954E7001699E2 /* Debug */ = {
			isa = XCBuildConfiguration;
			buildSettings = {
				ALWAYS_SEARCH_USER_PATHS = NO;
				COPY_PHASE_STRIP = YES;
				GCC_ENABLE_FIX_AND_CONTINUE = YES;
				GCC_MODEL_TUNING = G5;
				GCC_OPTIMIZATION_LEVEL = 0;
				GCC_PRECOMPILE_PREFIX_HEADER = YES;
				GCC_PREFIX_HEADER = WebKitPlugin_Prefix.pch;
				INFOPLIST_FILE = Info.plist;
				INSTALL_PATH = "$(HOME)/Library/Internet Plug-Ins";
				PRODUCT_NAME = WebKitPlugin;
				WARNING_CFLAGS = "-Wall";
				WRAPPER_EXTENSION = webplugin;
			};
			name = Debug;
		};
		C027D11B08A954E7001699E2 /* Release */ = {
			isa = XCBuildConfiguration;
			buildSettings = {
				ALWAYS_SEARCH_USER_PATHS = NO;
				COPY_PHASE_STRIP = NO;
				DEBUG_INFORMATION_FORMAT = "dwarf-with-dsym";
				GCC_MODEL_TUNING = G5;
				GCC_OPTIMIZATION_LEVEL = s;
				GCC_PRECOMPILE_PREFIX_HEADER = YES;
				GCC_PREFIX_HEADER = WebKitPlugin_Prefix.pch;
				INFOPLIST_FILE = Info.plist;
				INSTALL_PATH = "$(HOME)/Library/Internet Plug-Ins";
				PRODUCT_NAME = WebKitPlugin;
				WARNING_CFLAGS = "-Wall";
				WRAPPER_EXTENSION = webplugin;
			};
			name = Release;
		};
		C027D11E08A954E7001699E2 /* Debug */ = {
			isa = XCBuildConfiguration;
			buildSettings = {
				ARCHS = "$(ARCHS_STANDARD_64_BIT)";
				GCC_C_LANGUAGE_STANDARD = gnu99;
				GCC_ENABLE_OBJC_GC = supported;
				GCC_WARN_ABOUT_RETURN_TYPE = YES;
				GCC_WARN_UNUSED_VARIABLE = YES;
				ONLY_ACTIVE_ARCH = YES;
				PREBINDING = NO;
				SDKROOT = macosx10.6;
			};
			name = Debug;
		};
		C027D11F08A954E7001699E2 /* Release */ = {
			isa = XCBuildConfiguration;
			buildSettings = {
				ARCHS = "$(ARCHS_STANDARD_64_BIT)";
				GCC_C_LANGUAGE_STANDARD = gnu99;
				GCC_ENABLE_OBJC_GC = supported;
				GCC_WARN_ABOUT_RETURN_TYPE = YES;
				GCC_WARN_UNUSED_VARIABLE = YES;
				PREBINDING = NO;
				SDKROOT = macosx10.6;
			};
			name = Release;
		};
/* End XCBuildConfiguration section */

/* Begin XCConfigurationList section */
		C027D11908A954E7001699E2 /* Build configuration list for PBXNativeTarget "WebKitPlugin" */ = {
			isa = XCConfigurationList;
			buildConfigurations = (
				C027D11A08A954E7001699E2 /* Debug */,
				C027D11B08A954E7001699E2 /* Release */,
			);
			defaultConfigurationIsVisible = 0;
			defaultConfigurationName = Release;
		};
		C027D11D08A954E7001699E2 /* Build configuration list for PBXProject "WebKitPlugin" */ = {
			isa = XCConfigurationList;
			buildConfigurations = (
				C027D11E08A954E7001699E2 /* Debug */,
				C027D11F08A954E7001699E2 /* Release */,
			);
			defaultConfigurationIsVisible = 0;
			defaultConfigurationName = Release;
		};
/* End XCConfigurationList section */
	};
	rootObject = 0259C573FE90428111CA0C5A /* Project object */;
}
